
Microsoft Visual Studio Solution File, Format Version 12.00
# Visual Studio Version 17
VisualStudioVersion = 17.1.32328.378
MinimumVisualStudioVersion = 10.0.40219.1
Project("{FAE04EC0-301F-11D3-BF4B-00C04F79EFBC}") = "APICatalogoNET6", "APICatalogoNET6\APICatalogoNET6.csproj", "{A2C60217-5E1E-4CE4-B3BC-DBD28D01A1FF}"
EndProject
Global
	GlobalSection(SolutionConfigurationPlatforms) = preSolution
		Debug|Any CPU = Debug|Any CPU
		Release|Any CPU = Release|Any CPU
	EndGlobalSection
	GlobalSection(ProjectConfigurationPlatforms) = postSolution
		{A2C60217-5E1E-4CE4-B3BC-DBD28D01A1FF}.Debug|Any CPU.ActiveCfg = Debug|Any CPU
		{A2C60217-5E1E-4CE4-B3BC-DBD28D01A1FF}.Debug|Any CPU.Build.0 = Debug|Any CPU
		{A2C60217-5E1E-4CE4-B3BC-DBD28D01A1FF}.Release|Any CPU.ActiveCfg = Release|Any CPU
		{A2C60217-5E1E-4CE4-B3BC-DBD28D01A1FF}.Release|Any CPU.Build.0 = Release|Any CPU
	EndGlobalSection
	GlobalSection(SolutionProperties) = preSolution
		HideSolutionNode = FALSE
	EndGlobalSection
	GlobalSection(ExtensibilityGlobals) = postSolution
		SolutionGuid = {7A13BC0A-C43F-48A7-BF92-219CA0D70227}
	EndGlobalSection
EndGlobal
